
Microsoft Visual Studio Solution File, Format Version 12.00
Project("{FAE04EC0-301F-11D3-BF4B-00C04F79EFBC}") = "Microting.eFormRentableItemBase", "Microting.eFormRentableItemBase\Microting.eFormRentableItemBase.csproj", "{3B3A32C7-0160-44D4-8913-D77108827BF2}"
EndProject
Project("{2150E333-8FDC-42A3-9474-1A3956D46DE8}") = "Tests", "Tests", "{58D8F232-678F-44D7-877A-DAF20B4E8BF7}"
EndProject
Project("{FAE04EC0-301F-11D3-BF4B-00C04F79EFBC}") = "DBMigrator", "DBMigrator\DBMigrator.csproj", "{7D9E64D4-7D7D-44FC-B1D9-634A4325C6EF}"
EndProject
Project("{FAE04EC0-301F-11D3-BF4B-00C04F79EFBC}") = "Microting.eFormRentableItemBase.Unit.Tests", "Microting.eFormRentableItemBase.Unit.Tests\Microting.eFormRentableItemBase.Unit.Tests.csproj", "{717E84C4-43A5-4106-A431-7F864D5F3C1C}"
EndProject
Global
	GlobalSection(SolutionConfigurationPlatforms) = preSolution
		Debug|Any CPU = Debug|Any CPU
		Release|Any CPU = Release|Any CPU
	EndGlobalSection
	GlobalSection(ProjectConfigurationPlatforms) = postSolution
		{3B3A32C7-0160-44D4-8913-D77108827BF2}.Debug|Any CPU.ActiveCfg = Debug|Any CPU
		{3B3A32C7-0160-44D4-8913-D77108827BF2}.Debug|Any CPU.Build.0 = Debug|Any CPU
		{3B3A32C7-0160-44D4-8913-D77108827BF2}.Release|Any CPU.ActiveCfg = Release|Any CPU
		{3B3A32C7-0160-44D4-8913-D77108827BF2}.Release|Any CPU.Build.0 = Release|Any CPU
		{7D9E64D4-7D7D-44FC-B1D9-634A4325C6EF}.Debug|Any CPU.ActiveCfg = Debug|Any CPU
		{7D9E64D4-7D7D-44FC-B1D9-634A4325C6EF}.Debug|Any CPU.Build.0 = Debug|Any CPU
		{7D9E64D4-7D7D-44FC-B1D9-634A4325C6EF}.Release|Any CPU.ActiveCfg = Release|Any CPU
		{7D9E64D4-7D7D-44FC-B1D9-634A4325C6EF}.Release|Any CPU.Build.0 = Release|Any CPU
		{717E84C4-43A5-4106-A431-7F864D5F3C1C}.Debug|Any CPU.ActiveCfg = Debug|Any CPU
		{717E84C4-43A5-4106-A431-7F864D5F3C1C}.Debug|Any CPU.Build.0 = Debug|Any CPU
		{717E84C4-43A5-4106-A431-7F864D5F3C1C}.Release|Any CPU.ActiveCfg = Release|Any CPU
		{717E84C4-43A5-4106-A431-7F864D5F3C1C}.Release|Any CPU.Build.0 = Release|Any CPU
	EndGlobalSection
	GlobalSection(NestedProjects) = preSolution
		{717E84C4-43A5-4106-A431-7F864D5F3C1C} = {58D8F232-678F-44D7-877A-DAF20B4E8BF7}
	EndGlobalSection
EndGlobal
